
Microsoft Visual Studio Solution File, Format Version 12.00
# Visual Studio Version 17
VisualStudioVersion = 17.13.35828.75 d17.13
MinimumVisualStudioVersion = 10.0.40219.1
Project("{FAE04EC0-301F-11D3-BF4B-00C04F79EFBC}") = "dotnet-lab4-database", "dotnet-lab4-database\dotnet-lab4-database.csproj", "{7C1B4852-36ED-4075-9A09-2418CA471E2E}"
EndProject
Global
	GlobalSection(SolutionConfigurationPlatforms) = preSolution
		Debug|Any CPU = Debug|Any CPU
		Release|Any CPU = Release|Any CPU
	EndGlobalSection
	GlobalSection(ProjectConfigurationPlatforms) = postSolution
		{7C1B4852-36ED-4075-9A09-2418CA471E2E}.Debug|Any CPU.ActiveCfg = Debug|Any CPU
		{7C1B4852-36ED-4075-9A09-2418CA471E2E}.Debug|Any CPU.Build.0 = Debug|Any CPU
		{7C1B4852-36ED-4075-9A09-2418CA471E2E}.Release|Any CPU.ActiveCfg = Release|Any CPU
		{7C1B4852-36ED-4075-9A09-2418CA471E2E}.Release|Any CPU.Build.0 = Release|Any CPU
	EndGlobalSection
	GlobalSection(SolutionProperties) = preSolution
		HideSolutionNode = FALSE
	EndGlobalSection
	GlobalSection(ExtensibilityGlobals) = postSolution
		SolutionGuid = {FB381340-B537-468F-A502-DB5F5060098D}
	EndGlobalSection
EndGlobal
